cloud.google.com/go v0.1.1-0.20160913182117-3b1ae45394a2 h1:8Pau1HNsqG3bybGrTxn2oaH64hozvPKX+V5WySSKK8c=
cloud.google.com/go v0.1.1-0.20160913182117-3b1ae45394a2/go.mod h1:aQUYkXzVsufM+DwF1aE+0xfcU+56JwCaLick0ClmMTw=
github.com/Azure/go-ansiterm v0.0.0-20170929234023-d6e3b3328b78 h1:w+iIsaOQNcT7OZ575w+acHgRric5iCyQh+xv+KJ4HB8=
github.com/Azure/go-ansiterm v0.0.0-20170929234023-d6e3b3328b78/go.mod h1:LmzpDX56iTiv29bbRTIsUNlaFfuhWRQBWjQdVyAevI8=
github.com/Microsoft/go-winio v0.3.2 h1:LeyJggTk0QTKMB5S8jTaikRI5jIGFk2ITFRGNRTST2Q=
github.com/Microsoft/go-winio v0.3.2/go.mod h1:VhR8bwka0BXejwEJY73c50VrPtXAaKcyvVC4A4RozmA=
github.com/Nvveen/Gotty v0.0.0-20120604004816-cd527374f1e5 h1:TngWCqHvy9oXAN6lEVMRuU21PR1EtLVZJmdB18Gu3Rw=
github.com/Nvveen/Gotty v0.0.0-20120604004816-cd527374f1e5/go.mod h1:lmUJ/7eu/Q8D7ML55dXQrVaamCz2vxCfdQBasLZfHKk=
github.com/Rican7/retry v0.1.1-0.20160712041035-272ad122d6e5 h1:6olZmdYuK84eO0PeCQX1iy2EFWlOl8G+JNBi4vFmcU8=
github.com/Rican7/retry v0.1.1-0.20160712041035-272ad122d6e5/go.mod h1:FgOROf8P5bebcC1DS0PdOQiqGUridaZvikzUmkFW6gg=
github.com/SeanDolphin/bqschema v0.0.0-20150424181127-f92a08f515e1 h1:4EBKNUkI0tKxZb75f41jFGQQBPG4A/qbbgmgJ1MTTvw=
github.com/SeanDolphin/bqschema v0.0.0-20150424181127-f92a08f515e1/go.mod h1:TYInVncsPIZH7kybQoIUNJ4pFX1cUc8LoP9RSOxIs6c=
github.com/Shopify/sarama v1.8.0 h1:9yK3UCiP+yoNgK0iWNC3UeKcbPAN38CB8NTOMsZlkfg=
github.com/Shopify/sarama v1.8.0/go.mod h1:FVkBWblsNy7DGZRfXLU0O9RCGt5g3g3yEuWXgklEdEo=
github.com/Shopify/toxiproxy v2.1.4+incompatible h1:TKdv8HiTLgE5wdJuEML90aBgNWsokNbMijUGhmcoBJc=
github.com/Shopify/toxiproxy v2.1.4+incompatible/go.mod h1:OXgGpZ6Cli1/URJOF1DMxUHB2q5Ap20/P/eIdh4G0pI=
github.com/abbot/go-http-auth v0.0.0-20140618235127-c0ef4539dfab h1:/CCup82s4yOdPAC2kijHUejVUNgpWHUmyVY0lek8PIM=
github.com/abbot/go-http-auth v0.0.0-20140618235127-c0ef4539dfab/go.mod h1:Cz6ARTIzApMJDzh5bRMSUou6UMSp0IEXg9km/ci7TJM=
github.com/aws/aws-sdk-go v1.6.10 h1:CVUS2yoWO3h14JctzBlGheGrEtAfvfjzyQT15+BPqNI=
github.com/aws/aws-sdk-go v1.6.10/go.mod h1:ZRmQr0FajVIyZ4ZzBYKG5P3ZqPz9IHG41ZoMu1ADI3k=
github.com/beorn7/perks v0.0.0-20150223135152-b965b613227f h1:L/FlB1krOjojJSmUaiAiOMiIdRWylhc9QcHg0vHBuzA=
github.com/beorn7/perks v0.0.0-20150223135152-b965b613227f/go.mod h1:Dwedo/Wpr24TaqPxmxbtue+5NUziq4I4S80YR8gNf3Q=
github.com/blang/semver v3.1.0+incompatible h1:7hqmJYuaEK3qwVjWubYiht3j93YI0WQBuysxHIfUriU=
github.com/blang/semver v3.1.0+incompatible/go.mod h1:kRBLl5iJ+tD4TcOOxsy/0fnwebNt5EWlYSAyrTnjyyk=
github.com/containerd/console v0.0.0-20170925154832-84eeaae905fa h1:GnRy2maqb8vcJhYRN5L+5WyYNKfUG4otiz2zxE182ng=
github.com/containerd/console v0.0.0-20170925154832-84eeaae905fa/go.mod h1:Tj/on1eG8kiEhd0+fhSDzsPAFESxzBBvdyEgyryXffw=
github.com/containerd/containerd v1.0.2 h1:AcqeeOunmUuo2CvPPtHMhWn7mi54clu+j9yqXKxGFtk=
github.com/containerd/containerd v1.0.2/go.mod h1:bC6axHOhabU15QhwfG7w5PipXdVtMXFTttgp+kVtyUA=
github.com/containerd/typeurl v0.0.0-20190911142611-5eb25027c9fd h1:bRLyitWw3PT/2YuVaCKTPg0cA5dOFKFwKtkfcP2dLsA=
github.com/containerd/typeurl v0.0.0-20190911142611-5eb25027c9fd/go.mod h1:GeKYzf2pQcqv7tJ0AoCuuhtnqhva5LNU3U+OyKxxJpk=
github.com/coreos/go-systemd v0.0.0-20160527140244-4484981625c1 h1:hu0LKsi9FSTm1/lYVREY/hVON+GOkj1dN3JHiNE7+s8=
github.com/coreos/go-systemd v0.0.0-20160527140244-4484981625c1/go.mod h1:F5haX7vjVVG0kc13fIWeqUViNPyEJxv/OmvnBo0Yme4=
github.com/coreos/pkg v0.0.0-20160530111557-7f080b6c11ac h1:3nd1tVzhyQ07x5EKtmqxNnBngHyssL79yoiC0BpEQF4=
github.com/coreos/pkg v0.0.0-20160530111557-7f080b6c11ac/go.mod h1:E3G3o1h8I7cfcXa63jLwjI0eiQQMgzzUDFVpN/nH/eA=
github.com/coreos/rkt v1.25.0 h1:4rDjbXDtLwReumvn9/fH0D4aTXWXk2kpUcpjJNH2F/g=
github.com/coreos/rkt v1.25.0/go.mod h1:O634mlH6U7qk87poQifK6M2rsFNt+FyUTWNMnP1hF1U=
github.com/cyphar/filepath-securejoin v0.2.2-0.20170720062807-ae69057f2299 h1:nUfv7MlU7+tVPAYFEolaOth6D88fAgKsxmYCPhBvD5U=
github.com/cyphar/filepath-securejoin v0.2.2-0.20170720062807-ae69057f2299/go.mod h1:FpkQEhXnPnOthhzymB7CGsFk2G9VLXONKD9G7QGMM+4=
github.com/davecgh/go-spew v1.1.1-0.20171005155431-ecdeabc65495 h1:b2hEFhj0PgDc77eCeDUSKXynIoXJRt6yTZ8aMk2cPoI=
github.com/davecgh/go-spew v1.1.1-0.20171005155431-ecdeabc65495/go.mod h1:J7Y8YcW2NihsgmVo/mv3lAwl/skON4iLHjSsI+c5H38=
github.com/docker/distribution v2.6.0-rc.1.0.20170726174610-edc3ab29cdff+incompatible h1:357nGVUC8gSpeSc2Axup8HfrfTLLUfWfCsCUhiQSKIg=
github.com/docker/distribution v2.6.0-rc.1.0.20170726174610-edc3ab29cdff+incompatible/go.mod h1:J2gT2udsDAN96Uj4KfcMRqY0/ypR+oyYUYmja8H+y+w=
github.com/docker/docker v1.4.2-0.20180612054059-a9fbbdc8dd87 h1:25yKDyt5jahmGFDjYSofLaQskWh5A5TW7h6abNj2uW0=
github.com/docker/docker v1.4.2-0.20180612054059-a9fbbdc8dd87/go.mod h1:eEKB0N0r5NX/I1kEveEz05bcu8tLC/8azJZsviup8Sk=
github.com/docker/go-connections v0.3.0 h1:3lOnM9cSzgGwx8VfK/NGOW5fLQ0GjIlCkaktF+n1M6o=
github.com/docker/go-connections v0.3.0/go.mod h1:Gbd7IOopHjR8Iph03tsViu4nIes5XhDvyHbTtUxmeec=
github.com/docker/go-units v0.2.1-0.20151230175859-0bbddae09c5a h1:42qf1j6VWt3GUQzr0Hy8EL3DhNzLBiuWw5wQjNBlFyo=
github.com/docker/go-units v0.2.1-0.20151230175859-0bbddae09c5a/go.mod h1:fgPhTUdO+D/Jk86RDLlptpiXQzgHJF7gydDDbaIK4Dk=
github.com/eapache/go-resiliency v1.0.1-0.20160104191539-b86b1ec0dd42 h1:6obbp/qkZVAZ9jiUZFo5Oa+TXX2ztNDFYdVUUd9z7Cw=
github.com/eapache/go-resiliency v1.0.1-0.20160104191539-b86b1ec0dd42/go.mod h1:kFI+JgMyC7bLPUVY133qvEBtVayf5mFgVsvEsIPBvNs=
github.com/eapache/queue v1.0.2 h1:jRJXCx6uciOfN69MfZCC9EZlGRqqHhwlyb6GBeNow+c=
github.com/eapache/queue v1.0.2/go.mod h1:6eCeP0CKFpHLu8blIFXhExK/dRa7WDZfr6jVFPTqq+I=
github.com/euank/go-kmsg-parser v2.0.0+incompatible h1:cHD53+PLQuuQyLZeriD1V/esuG4MuU0Pjs5y6iknohY=
github.com/euank/go-kmsg-parser v2.0.0+incompatible/go.mod h1:MhmAMZ8V4CYH4ybgdRwPr2TU5ThnS43puaKEMpja1uw=
github.com/fsnotify/fsnotify v1.4.7 h1:IXs+QLmnXW2CcXuY+8Mzv/fWEsPGWxqefPtCP5CnV9I=
github.com/fsnotify/fsnotify v1.4.7/go.mod h1:jwhsz4b93w/PPRr/qN1Yymfu8t87LnFCMoQvtojpjFo=
github.com/garyburd/redigo v0.0.0-20150301180006-535138d7bcd7 h1:LofdAjjjqCSXMwLGgOgnE+rdPuvX9DxCqaHwKy7i/ko=
github.com/garyburd/redigo v0.0.0-20150301180006-535138d7bcd7/go.mod h1:NR3MbYisc3/PwhQ00EMzDiPmrwpPxAn5GI05/YaO1SY=
github.com/go-ini/ini v1.9.0 h1:SVBHBs+26QqWy5m0NyygV8lfVQT/Dq2PeKTiKzcXKAc=
github.com/go-ini/ini v1.9.0/go.mod h1:ByCAeIL28uOIIG0E3PJtZPDL8WnHpFKFOtgjp+3Ies8=
github.com/godbus/dbus v0.0.0-20151105175453-c7fdd8b5cd55 h1:oIgNYSrSUbNH5DJh6DMhU1PiOKOYIHNxrV3djLsLpEI=
github.com/godbus/dbus v0.0.0-20151105175453-c7fdd8b5cd55/go.mod h1:/YcGZj5zSblfDWMMoOzV4fas9FZnQYTkDnsGvmh2Grw=
github.com/gogo/protobuf v1.3.0 h1:G8O7TerXerS4F6sx9OV7/nRfJdnXgHZu/S/7F2SN+UE=
github.com/gogo/protobuf v1.3.0/go.mod h1:SlYgWuQ5SjCEi6WLHjHCa1yvBfUnHcTbrrZtXPKa29o=
github.com/golang/glog v0.0.0-20150731225221-fca8c8854093 h1:Tl51hU0OQR50twFN/eA85c8wIBwPhi3IkRTufxbxMcY=
github.com/golang/glog v0.0.0-20150731225221-fca8c8854093/go.mod h1:SBH7ygxi8pfUlaOkMMuAQtPIUF8ecWP5IEl/CR7VP2Q=
github.com/golang/protobuf v1.2.0/go.mod h1:6lQm79b+lXiMfvg/cZm0SGofjICqVBUtrP5yJMmIC1U=
github.com/golang/protobuf v1.3.1 h1:YF8+flBXS5eO826T4nzqPrxfhQThhXl0YzfuUPu4SBg=
github.com/golang/protobuf v1.3.1/go.mod h1:6lQm79b+lXiMfvg/cZm0SGofjICqVBUtrP5yJMmIC1U=
github.com/golang/snappy v0.0.0-20150730031844-723cc1e459b8 h1:HqOOL0dgInHBCZxrSdBjb6iLv1SvSjXAxkbJPsXViy0=
github.com/golang/snappy v0.0.0-20150730031844-723cc1e459b8/go.mod h1:/XxbfmMg8lxefKM7IXC3fBNl/7bRcc72aCRzEWrmP2Q=
github.com/google/go-cmp v0.3.1 h1:Xye71clBPdm5HgqGwUkwhbynsUJZhDbS20FvLhQ2izg=
github.com/google/go-cmp v0.3.1/go.mod h1:8QqcDgzrUqlUb/G2PQTWiueGozuR1884gddMywk6iLU=
github.com/gopherjs/gopherjs v0.0.0-20181017120253-0766667cb4d1 h1:EGx4pi6eqNxGaHF6qqu48+N2wcFQ5qg5FXgOdqsJ5d8=
github.com/gopherjs/gopherjs v0.0.0-20181017120253-0766667cb4d1/go.mod h1:wJfORRmW1u3UXTncJ5qlYoELFm8eSnnEO6hX4iZ3EWY=
github.com/gorilla/mux v1.7.3 h1:gnP5JzjVOuiZD07fKKToCAOjS0yOpj/qPETTXCCS6hw=
github.com/gorilla/mux v1.7.3/go.mod h1:1lud6UwP+6orDFRuTfBEV8e9/aOM/c4fVVCaMa2zaAs=
github.com/gotestyourself/gotestyourself v2.2.0+incompatible h1:AQwinXlbQR2HvPjQZOmDhRqsv5mZf+Jb1RnSLxcqZcI=
github.com/gotestyourself/gotestyourself v2.2.0+incompatible/go.mod h1:zZKM6oeNM8k+FRljX1mnzVYeS8wiGgQyvST1/GafPbY=
github.com/hpcloud/tail v1.0.0 h1:nfCOvKYfkgYP8hkirhJocXT2+zOD8yUNjXaWfTlyFKI=
github.com/hpcloud/tail v1.0.0/go.mod h1:ab1qPbhIpdTxEkNHXyeSf5vhxWSCs/tWer42PpOxQnU=
github.com/influxdb/influxdb v0.9.6-0.20151125225445-9eab56311373 h1:+8XPwrWoNps4WbLfhNhH0ct8LUJAP1q+faViiEpSHYc=
github.com/influxdb/influxdb v0.9.6-0.20151125225445-9eab56311373/go.mod h1:GpjLgHRqWhDGlPAg7+Rj6NAYuzPojBM8XLG5Ouvvq+Q=
github.com/jmespath/go-jmespath v0.0.0-20160202185014-0b12d6b521d8 h1:12VvqtR6Aowv3l/EQUlocDHW2Cp4G9WJVH7uyH8QFJE=
github.com/jmespath/go-jmespath v0.0.0-20160202185014-0b12d6b521d8/go.mod h1:Nht3zPeWKUH0NzdCt2Blrr5ys8VGpn0CEB0cQHVjt7k=
github.com/jtolds/gls v4.20.0+incompatible h1:xdiiI2gbIgH/gLH7ADydsJ1uDOEzR8yvV7C0MuV77Wo=
github.com/jtolds/gls v4.20.0+incompatible/go.mod h1:QJZ7F/aHp+rZTRtaJ1ow/lLfFfVYBRgL+9YlvaHOwJU=
github.com/kisielk/errcheck v1.2.0/go.mod h1:/BMXB+zMLi60iA8Vv6Ksmxu/1UDYcXs4uQLJ+jE2L00=
github.com/kisielk/gotool v1.0.0/go.mod h1:XhKaO+MFFWcvkIS/tQcRk01m1F5IRFswLeQ+oQHNcck=
github.com/klauspost/crc32 v0.0.0-20151223135126-a3b15ae34567 h1:XYpiFCF4D9K+RQVtYlk8GaLkjDQMD4KnDLbPI5FSR0w=
github.com/klauspost/crc32 v0.0.0-20151223135126-a3b15ae34567/go.mod h1:+ZoRqAPRLkC4NPOvfYeR5KNOrY6TD+/sAC3HXPZgDYg=
github.com/kr/pretty v0.0.0-20140723054909-088c856450c0 h1:j835k0S+JUJDs7JQUEfSBBXIDmvxppNo9+hsahkCmWE=
github.com/kr/pretty v0.0.0-20140723054909-088c856450c0/go.mod h1:Bvhd+E3laJ0AVkG0c9rmtZcnhV0HQ3+c3YxxqTvc/gA=
github.com/kr/text v0.0.0-20130911015532-6807e777504f h1:JaNmHIV9Eby6srQVWuiQ6n8ko2o/lG6udSRCbFZe1fs=
github.com/kr/text v0.0.0-20130911015532-6807e777504f/go.mod h1:sjUstKUATFIcff4qlB53Kml0wQPtJVc/3fWrmuUmcfA=
github.com/mattn/go-shellwords v1.0.4-0.20180201004752-39dbbfa24bbc h1:YJaBvUfcd0OW6ep7UHQFjkXJkj1z0K1pAZwhO9OHm0Y=
github.com/mattn/go-shellwords v1.0.4-0.20180201004752-39dbbfa24bbc/go.mod h1:3xCvwCdWdlDJUrvuMn7Wuy9eWs4pE8vqg+NOMyg4B2o=
github.com/matttproud/golang_protobuf_extensions v1.0.2-0.20181231171920-c182affec369 h1:I0XW9+e1XWDxdcEniV4rQAIOPUGDq67JSCiRCgGCZLI=
github.com/matttproud/golang_protobuf_extensions v1.0.2-0.20181231171920-c182affec369/go.mod h1:BSXmuO+STAnVfrANrmjBb36TMTDstsz7MSK+HVaYKv4=
github.com/mesos/mesos-go v0.0.7-0.20180413204204-29de6ff97b48 h1:YIHidb4LpHLt+cW1ezhU9T8ed6/K8sWbban61KMgeWI=
github.com/mesos/mesos-go v0.0.7-0.20180413204204-29de6ff97b48/go.mod h1:kPYCMQ9gsOXVAle1OsoY4I1+9kPu8GHkf88aV59fDr4=
github.com/mindprince/gonvml v0.0.0-20171110221305-fee913ce8fb2 h1:v3dy+FJr7gS7nLgYG7YjX/pmUWuFdudcpnoRNHt2heo=
github.com/mindprince/gonvml v0.0.0-20171110221305-fee913ce8fb2/go.mod h1:2eu9pRWp8mo84xCg6KswZ+USQHjwgRhNp06sozOdsTY=
github.com/mistifyio/go-zfs v2.1.2-0.20170901132433-166dd29edf05+incompatible h1:AqI6iSRQ93q8L+B0awSpC5abFebb1adJpMIjBToRyEs=
github.com/mistifyio/go-zfs v2.1.2-0.20170901132433-166dd29edf05+incompatible/go.mod h1:8AuVvqP/mXw1px98n46wfvcGfQ4ci2FwoAjKYxuo3Z4=
github.com/mrunalp/fileutils v0.0.0-20160930181131-4ee1cc9a8058 h1:A4y2IxU1GcIzlcmUlQ6yr/mrvYZhqo+HakAPwgwaa6s=
github.com/mrunalp/fileutils v0.0.0-20160930181131-4ee1cc9a8058/go.mod h1:x8F1gnqOkIEiO4rqoeEEEqQbo7HjGMTvyoq3gej4iT0=
github.com/onsi/ginkgo v1.6.0/go.mod h1:lLunBs/Ym6LB5Z9jYTR76FiuTmxDTDusOGeTQH+WWjE=
github.com/onsi/ginkgo v1.10.3 h1:OoxbjfXVZyod1fmWYhI7SEyaD8B00ynP3T+D5GiyHOY=
github.com/onsi/ginkgo v1.10.3/go.mod h1:lLunBs/Ym6LB5Z9jYTR76FiuTmxDTDusOGeTQH+WWjE=
github.com/onsi/gomega v1.7.1 h1:K0jcRCwNQM3vFGh1ppMtDh/+7ApJrjldlX8fA0jDTLQ=
github.com/onsi/gomega v1.7.1/go.mod h1:XdKZgCCFLUoM/7CFJVPcG8C1xQ1AJ0vpAezJrB7JYyY=
github.com/opencontainers/go-digest v1.0.0-rc1 h1:WzifXhOVOEOuFYOJAW6aQqW0TooG2iki3E3Ii+WN7gQ=
github.com/opencontainers/go-digest v1.0.0-rc1/go.mod h1:cMLVZDEM3+U2I4VmLI6N8jQYUd2OVphdqWwCJHrFt2s=
github.com/opencontainers/image-spec v1.0.0-rc6.0.20170604055404-372ad780f634 h1:XtqnM27uh9C9wpnBaUKQNCPxjQj8fOhOiTQreFMStnw=
github.com/opencontainers/image-spec v1.0.0-rc6.0.20170604055404-372ad780f634/go.mod h1:BtxoFyWECRxE4U/7sNtV5W15zMzWCbyJoFRP3s7yZA0=
github.com/opencontainers/runc v1.0.0-rc4.0.20180108143726-d5b4a3eddbe4 h1:t0MtSmcdzy2w9o71daYxiDF/RBRk4R9GKWdmgp65zoo=
github.com/opencontainers/runc v1.0.0-rc4.0.20180108143726-d5b4a3eddbe4/go.mod h1:qT5XzbpPznkRYVz/mWwUaVBUv2rmF59PVA73FjuZG0U=
github.com/opencontainers/runtime-spec v1.0.0 h1:O6L965K88AilqnxeYPks/75HLpp4IG+FjeSCI3cVdRg=
github.com/opencontainers/runtime-spec v1.0.0/go.mod h1:jwyrGlmzljRJv/Fgzds9SsS/C5hL+LL3ko9hs6T5lQ0=
github.com/opencontainers/selinux v1.0.0-rc1.0.20170621221121-4a2974bf1ee9 h1:g18p3vsouAw3Bcc+Rhin/d9ywUt5aR6PI2rxRTXVsQY=
github.com/opencontainers/selinux v1.0.0-rc1.0.20170621221121-4a2974bf1ee9/go.mod h1:+BLncwf63G4dgOzykXAxcmnFlUaOlkDdmw/CqsW6pjs=
github.com/pborman/uuid v0.0.0-20150824212802-cccd189d45f7 h1:7Nb5cK6zZrR39niF9np62PLldWkL0R0XJGDbmsRQ96E=
github.com/pborman/uuid v0.0.0-20150824212802-cccd189d45f7/go.mod h1:VyrYX9gd7irzKovcSS6BIIEwPRkP2Wm2m9ufcdFSJ34=
github.com/pkg/errors v0.8.1 h1:iURUrRGxPUNPdy5/HRSm+Yj6okJ6UtLINN0Q9M4+h3I=
github.com/pkg/errors v0.8.1/go.mod h1:bwawxfHBFNV+L2hUp1rHADufV3IMtnDRdf1r5NINEl0=
github.com/pmezard/go-difflib v1.0.0 h1:4DBwDE0NGyQoBHbLQYPwSUPoCMWR5BEzIk/f1lZbAQM=
github.com/pmezard/go-difflib v1.0.0/go.mod h1:iKH77koFhYxTK1pcRnkKkqfTogsbg7gZNVY4sRDYZ/4=
github.com/pquerna/ffjson v0.0.0-20171002144729-d49c2bc1aa13 h1:AUK/hm/tPsiNNASdb3J8fySVRZoI7fnK5mlOvdFD43o=
github.com/pquerna/ffjson v0.0.0-20171002144729-d49c2bc1aa13/go.mod h1:YARuvh7BUWHNhzDq2OM5tzR2RiCcN2D7sapiKyCel/M=
github.com/prometheus/client_golang v0.8.1-0.20170401103446-08fd2e12372a h1:MWM+gikGy0rjS7lraiVRSbaukzcDX+RGUGkwSFefiG4=
github.com/prometheus/client_golang v0.8.1-0.20170401103446-08fd2e12372a/go.mod h1:7SWBe2y4D6OKWSNQJUaRYU/AaXPKyh/dDVn+NZz0KFw=
github.com/prometheus/client_model v0.0.0-20170216185247-6f3806018612 h1:13pIdM2tpaDi4OVe24fgoIS7ZTqMt0QI+bwQsX5hq+g=
github.com/prometheus/client_model v0.0.0-20170216185247-6f3806018612/go.mod h1:MbSGuTsp3dbXC40dX6PRTWyKYBIrTGTE9sqQNg2J8bo=
github.com/prometheus/common v0.0.0-20170220103846-49fee292b27b h1:nure2StBXEgV+CtAOZSggLGJ7bfuSfvuitPnwEQSKWQ=
github.com/prometheus/common v0.0.0-20170220103846-49fee292b27b/go.mod h1:daVV7qP5qjZbuso7PdcryaAu0sAZbrN9i7WWcTMWvro=
github.com/prometheus/procfs v0.0.0-20170419201554-1e2146578273 h1:ENydzdHgPjSMaz3vOpXYRvs/63br0Rbc/RkLZIf5wMs=
github.com/prometheus/procfs v0.0.0-20170419201554-1e2146578273/go.mod h1:c3At6R/oaqEKCNdg8wHV1ftS6bRYblBhIjjI8uT2IGk=
github.com/seccomp/libseccomp-golang v0.0.0-20150813023252-1b506fc7c24e h1:HJbgNpzYMeTLPpkMwbPNTPlhNd9r4xQtqcZG6qoIGgs=
github.com/seccomp/libseccomp-golang v0.0.0-20150813023252-1b506fc7c24e/go.mod h1:GbW5+tmTXfcxTToHLXlScSlAvWlF4P2Ca7zGrPiEpWo=
github.com/sirupsen/logrus v1.0.4-0.20170822132746-89742aefa4b2 h1:a07zp0wovcAE2jH+wlD22JLqUH6Rdl8Aon+NiyPxE+0=
github.com/sirupsen/logrus v1.0.4-0.20170822132746-89742aefa4b2/go.mod h1:pMByvHTf9Beacp5x1UXfOR9xyW/9antXMhjMPG0dEzc=
github.com/smartystreets/assertions v0.0.0-20180927180507-b2de0cb4f26d h1:zE9ykElWQ6/NYmHa3jpm/yHnI4xSofP+UP6SpjHcSeM=
github.com/smartystreets/assertions v0.0.0-20180927180507-b2de0cb4f26d/go.mod h1:OnSkiWE9lh6wB0YB77sQom3nweQdgAjqCqsofrRNTgc=
github.com/smartystreets/goconvey v1.6.4 h1:fv0U8FUIMPNf1L9lnHLvLhgicrIVChEkdzIKYqbNC9s=
github.com/smartystreets/goconvey v1.6.4/go.mod h1:syvi0/a8iFYH4r/RixwvyeAJjdLS9QV7WQ/tjFTllLA=
github.com/stretchr/objx v0.0.0-20140526180921-cbeaeb16a013 h1:lg5xphrNMF4T2GfLhtXOhFrTn5ZmPRUOWXvCLOattFY=
github.com/stretchr/objx v0.0.0-20140526180921-cbeaeb16a013/go.mod h1:HFkY916IF+rwdDfMAkV7OtwuqBVzrE8GR6GFx+wExME=
github.com/stretchr/testify v1.1.5-0.20170601210322-f6abca593680 h1:oAXco1Ts88F75L1qvG3BAa4ChXI3EZDfxbB+p+y8+gE=
github.com/stretchr/testify v1.1.5-0.20170601210322-f6abca593680/go.mod h1:a8OnRcib4nhh0OaRAV+Yts87kKdq0PP7pXfy6kDkUVs=
github.com/syndtr/gocapability v0.0.0-20160928074757-e7cb7fa329f4 h1:w58e6FAOMd+rUgOfhaBb+ZVOQIOfUkpv5AAQVmf6hsI=
github.com/syndtr/gocapability v0.0.0-20160928074757-e7cb7fa329f4/go.mod h1:hkRG7XYTFWNJGYcbNJQlaLq0fg1yr4J4t/NcTQtrfww=
github.com/vishvananda/netlink v0.0.0-20150820014904-1e2e08e8a2dc h1:0HAHLwEY4k1VqaO1SzBi4XxT0KA06Cv+QW2LXknBk9g=
github.com/vishvananda/netlink v0.0.0-20150820014904-1e2e08e8a2dc/go.mod h1:+SR5DhBJrl6ZM7CoCKvpw5BKroDKQ+PJqOg65H/2ktk=
github.com/vishvananda/netns v0.0.0-20191106174202-0a2b9b5464df h1:OviZH7qLw/7ZovXvuNyL3XQl8UFofeikI1NW1Gypu7k=
github.com/vishvananda/netns v0.0.0-20191106174202-0a2b9b5464df/go.mod h1:JP3t17pCcGlemwknint6hfoeCVQrEMVwxRLRjXpq+BU=
golang.org/x/crypto v0.0.0-20190308221718-c2843e01d9a2 h1:VklqNMn3ovrHsnt90PveolxSbWFaJdECFbxSq0Mqo2M=
golang.org/x/crypto v0.0.0-20190308221718-c2843e01d9a2/go.mod h1:djNgcEr1/C05ACkg1iLfiJU5Ep61QUkGW8qpdssI0+w=
golang.org/x/exp v0.0.0-20160623011055-292a51b8d262 h1:YisboBIkkH/ZXwVpb+1m2niaJiaB1o25KW8MFbj8R0E=
golang.org/x/exp v0.0.0-20160623011055-292a51b8d262/go.mod h1:CJ0aWSM057203Lf6IL+f9T1iT9GByDxfZKAQTCR3kQA=
golang.org/x/net v0.0.0-20180906233101-161cd47e91fd/go.mod h1:mL1N/T3taQHkDXs73rZJwtUhF3w3ftmwwsq0BUmARs4=
golang.org/x/net v0.0.0-20190311183353-d8887717615a/go.mod h1:t9HGtf8HONx5eT2rtn7q6eTqICYqUVnKs3thJo3Qplg=
golang.org/x/net v0.0.0-20190603091049-60506f45cf65 h1:+rhAzEzT3f4JtomfC371qB+0Ola2caSKcY69NUBZrRQ=
golang.org/x/net v0.0.0-20190603091049-60506f45cf65/go.mod h1:HSz+uSET+XFnRR8LxR5pz3Of3rY3CfYBVs4xY44aLks=
golang.org/x/oauth2 v0.0.0-20150321034511-ca8a464d23d5 h1:bpIUL4dMPi7n8APD2NQjvqcXU7ovORMqC49ExSvBkDw=
golang.org/x/oauth2 v0.0.0-20150321034511-ca8a464d23d5/go.mod h1:N/0e6XlmueqKjAGxoOufVs8QHGRruUQn6yWY3a++T0U=
golang.org/x/sync v0.0.0-20180314180146-1d60e4601c6f/go.mod h1:RxMgew5VJxzue5/jJTE5uejpjVlOe/izrB70Jof72aM=
golang.org/x/sync v0.0.0-20181221193216-37e7f081c4d4/go.mod h1:RxMgew5VJxzue5/jJTE5uejpjVlOe/izrB70Jof72aM=
golang.org/x/sys v0.0.0-20180909124046-d0be0721c37e/go.mod h1:STP8DvDyc/dI5b8T5hshtkjS+E42TnysNCUPdjciGhY=
golang.org/x/sys v0.0.0-20190215142949-d0b11bdaac8a h1:1BGLXjeY4akVXGgbC9HugT3Jv3hCI0z56oJR5vAMgBU=
golang.org/x/sys v0.0.0-20190215142949-d0b11bdaac8a/go.mod h1:STP8DvDyc/dI5b8T5hshtkjS+E42TnysNCUPdjciGhY=
golang.org/x/text v0.3.0/go.mod h1:NqM8EUOU14njkJ3fqMW+pc6Ldnwhi/IjpwHt7yyuwOQ=
golang.org/x/text v0.3.2 h1:tW2bmiBqwgJj/UpqtC8EpXEZVYOwU0yG4iWbprSVAcs=
golang.org/x/text v0.3.2/go.mod h1:bEr9sfX3Q8Zfm5fL9x+3itogRgK3+ptLWKqgva+5dAk=
golang.org/x/time v0.0.0-20191024005414-555d28b269f0 h1:/5xXl8Y5W96D+TtHSlonuFqGHIWVuyCkGJLwGh9JJFs=
golang.org/x/time v0.0.0-20191024005414-555d28b269f0/go.mod h1:tRJNPiyCQ0inRvYxbN9jk5I+vvW/OXSQhTDSoE431IQ=
golang.org/x/tools v0.0.0-20180917221912-90fa682c2a6e/go.mod h1:n7NCudcB/nEzxVGmLbDWY5pfWTLqBcC2KZ6jyYvM4mQ=
golang.org/x/tools v0.0.0-20181030221726-6c7e314b6563/go.mod h1:n7NCudcB/nEzxVGmLbDWY5pfWTLqBcC2KZ6jyYvM4mQ=
golang.org/x/tools v0.0.0-20190328211700-ab21143f2384/go.mod h1:LCzVGOaR6xXOjkQ3onu1FJEFr0SW1gC7cKk1uF8kGRs=
google.golang.org/api v0.0.0-20150730141719-0c2979aeaa5b h1:a8uySswoBOJKeDK6VFXfnpH1P+95tXjyhASqNwMEI48=
google.golang.org/api v0.0.0-20150730141719-0c2979aeaa5b/go.mod h1:4mhQ8q/RsB7i+udVvVy5NUi08OU8ZlA0gRVgrF7VFY0=
google.golang.org/appengine v1.6.5 h1:tycE03LOZYQNhDpS27tcQdAzLCVMaj7QT2SXxebnpCM=
google.golang.org/appengine v1.6.5/go.mod h1:8WjMMxjGQR8xUklV/ARdw2HLXBOI7O7uCIDZVag1xfc=
google.golang.org/genproto v0.0.0-20170731182057-09f6ed296fc6 h1:72GtwBPfq6av9X0Ru2HtAopsPW+d+vh1K1zaxanTdE8=
google.golang.org/genproto v0.0.0-20170731182057-09f6ed296fc6/go.mod h1:JiN7NxoALGmiZfu7CAH4rXhgtRTLTxftemlI0sWmxmc=
google.golang.org/grpc v1.7.0 h1:VcvMlnRMpb70sBq6RF2LWnHakw+w6pO9ttP6kmXWhug=
google.golang.org/grpc v1.7.0/go.mod h1:yo6s7OP7yaDglbqo1J04qKzAhqBH6lvTonzMVmEdcZw=
gopkg.in/airbrake/gobrake.v2 v2.0.9 h1:7z2uVWwn7oVeeugY1DtlPAy5H+KYgB1KeKTnqjNatLo=
gopkg.in/airbrake/gobrake.v2 v2.0.9/go.mod h1:/h5ZAUhDkGaJfjzjKLSjv6zCL6O0LLBxU4K+aSYdM/U=
gopkg.in/check.v1 v0.0.0-20161208181325-20d25e280405 h1:yhCVgyC4o1eVCa2tZl7eS0r+SDo693bJlVdllGtEeKM=
gopkg.in/check.v1 v0.0.0-20161208181325-20d25e280405/go.mod h1:Co6ibVJAznAaIkqp8huTwlJQCZ016jof/cbN4VW5Yz0=
gopkg.in/fsnotify.v1 v1.4.7 h1:xOHLXZwVvI9hhs+cLKq5+I5onOuwQLhQwiu63xxlHs4=
gopkg.in/fsnotify.v1 v1.4.7/go.mod h1:Tz8NjZHkW78fSQdbUxIjBTcgA1z1m8ZHf0WmKUhAMys=
gopkg.in/gemnasium/logrus-airbrake-hook.v2 v2.1.2 h1:OAj3g0cR6Dx/R07QgQe8wkA9RNjB2u4i700xBkIT4e0=
gopkg.in/gemnasium/logrus-airbrake-hook.v2 v2.1.2/go.mod h1:Xk6kEKp8OKb+X14hQBKWaSkCsqBpgog8nAV2xsGOxlo=
gopkg.in/olivere/elastic.v2 v2.0.12 h1:gdSDg3k/R4dkC3I14sqwLKDQjcfPLZ9SoFzc4vbfAtQ=
gopkg.in/olivere/elastic.v2 v2.0.12/go.mod h1:CTVyl1gckiFw1aLZYxC00g3f9jnHmhoOKcWF7W3c6n4=
gopkg.in/tomb.v1 v1.0.0-20141024135613-dd632973f1e7 h1:uRGJdciOHaEIrze2W8Q3AKkepLTh2hOroT7a+7czfdQ=
gopkg.in/tomb.v1 v1.0.0-20141024135613-dd632973f1e7/go.mod h1:dt/ZhP58zS4L8KSrWDmTeBkI65Dw0HsyUHuEVlX15mw=
gopkg.in/yaml.v2 v2.2.4 h1:/eiJrUcujPVeJ3xlSWaiNi3uSVmDGBK1pDHUHAnao1I=
gopkg.in/yaml.v2 v2.2.4/go.mod h1:hI93XBmqTisBFMUTm0b8Fm+jr3Dg1NNxqwp+5A1VGuI=
gotest.tools v2.2.0+incompatible h1:VsBPFP1AI068pPrMxtb/S8Zkgf9xEmTLJjfM+P5UIEo=
gotest.tools v2.2.0+incompatible/go.mod h1:DsYFclhRJ6vuDpmuTbkuFWG+y2sxOXAzmJt81HFBacw=
k8s.io/utils v0.0.0-20171122000934-aedf551cdb8b h1:yYdRs/7M4OsJDkTfxQnktt/tvrqauKJXUNgsZ/mKtbg=
k8s.io/utils v0.0.0-20171122000934-aedf551cdb8b/go.mod h1:8k8uAuAQ0rXslZKaEWd0c3oVhZz7sSzSiPnVZayjIX0=
